
Microsoft Visual Studio Solution File, Format Version 12.00
# Visual Studio 15
VisualStudioVersion = 15.0.28010.2041
MinimumVisualStudioVersion = 10.0.40219.1
Project("{8BC9CEB8-8B4A-11D0-8D11-00A0C91BC942}") = "pre7", "pre7\pre7.vcxproj", "{34200E32-8AD6-44C9-9C8E-97300B3271DC}"
EndProject
Global
	GlobalSection(SolutionConfigurationPlatforms) = preSolution
		Debug|x64 = Debug|x64
		Debug|x86 = Debug|x86
		Release|x64 = Release|x64
		Release|x86 = Release|x86
	EndGlobalSection
	GlobalSection(ProjectConfigurationPlatforms) = postSolution
		{34200E32-8AD6-44C9-9C8E-97300B3271DC}.Debug|x64.ActiveCfg = Debug|x64
		{34200E32-8AD6-44C9-9C8E-97300B3271DC}.Debug|x64.Build.0 = Debug|x64
		{34200E32-8AD6-44C9-9C8E-97300B3271DC}.Debug|x86.ActiveCfg = Debug|Win32
		{34200E32-8AD6-44C9-9C8E-97300B3271DC}.Debug|x86.Build.0 = Debug|Win32
		{34200E32-8AD6-44C9-9C8E-97300B3271DC}.Release|x64.ActiveCfg = Release|x64
		{34200E32-8AD6-44C9-9C8E-97300B3271DC}.Release|x64.Build.0 = Release|x64
		{34200E32-8AD6-44C9-9C8E-97300B3271DC}.Release|x86.ActiveCfg = Release|Win32
		{34200E32-8AD6-44C9-9C8E-97300B3271DC}.Release|x86.Build.0 = Release|Win32
	EndGlobalSection
	GlobalSection(SolutionProperties) = preSolution
		HideSolutionNode = FALSE
	EndGlobalSection
	GlobalSection(ExtensibilityGlobals) = postSolution
		SolutionGuid = {7E945674-7A87-404C-AAB2-5DC0044BB459}
	EndGlobalSection
EndGlobal
