
Microsoft Visual Studio Solution File, Format Version 12.00
# Visual Studio 15
VisualStudioVersion = 15.0.28010.2041
MinimumVisualStudioVersion = 10.0.40219.1
Project("{8BC9CEB8-8B4A-11D0-8D11-00A0C91BC942}") = "Project3_2", "Project3_2\Project3_2.vcxproj", "{BD6562B6-8CBC-443F-8DB6-8C49F97D707A}"
EndProject
Global
	GlobalSection(SolutionConfigurationPlatforms) = preSolution
		Debug|x64 = Debug|x64
		Debug|x86 = Debug|x86
		Release|x64 = Release|x64
		Release|x86 = Release|x86
	EndGlobalSection
	GlobalSection(ProjectConfigurationPlatforms) = postSolution
		{BD6562B6-8CBC-443F-8DB6-8C49F97D707A}.Debug|x64.ActiveCfg = Debug|x64
		{BD6562B6-8CBC-443F-8DB6-8C49F97D707A}.Debug|x64.Build.0 = Debug|x64
		{BD6562B6-8CBC-443F-8DB6-8C49F97D707A}.Debug|x86.ActiveCfg = Debug|Win32
		{BD6562B6-8CBC-443F-8DB6-8C49F97D707A}.Debug|x86.Build.0 = Debug|Win32
		{BD6562B6-8CBC-443F-8DB6-8C49F97D707A}.Release|x64.ActiveCfg = Release|x64
		{BD6562B6-8CBC-443F-8DB6-8C49F97D707A}.Release|x64.Build.0 = Release|x64
		{BD6562B6-8CBC-443F-8DB6-8C49F97D707A}.Release|x86.ActiveCfg = Release|Win32
		{BD6562B6-8CBC-443F-8DB6-8C49F97D707A}.Release|x86.Build.0 = Release|Win32
	EndGlobalSection
	GlobalSection(SolutionProperties) = preSolution
		HideSolutionNode = FALSE
	EndGlobalSection
	GlobalSection(ExtensibilityGlobals) = postSolution
		SolutionGuid = {C0913A75-ABD4-48DA-A82F-C205A92A181A}
	EndGlobalSection
EndGlobal
